
Microsoft Visual Studio Solution File, Format Version 12.00
# Visual Studio Version 17
VisualStudioVersion = 17.4.33213.308
MinimumVisualStudioVersion = 10.0.40219.1
Project("{2150E333-8FDC-42A3-9474-1A3956D46DE8}") = "Services", "Services", "{5024265B-7D1D-447E-A18C-C642381B5B51}"
EndProject
Project("{2150E333-8FDC-42A3-9474-1A3956D46DE8}") = "Inventory", "Inventory", "{1A11AC92-A316-432A-8CA9-CFB741DA7888}"
EndProject
Project("{FAE04EC0-301F-11D3-BF4B-00C04F79EFBC}") = "DUKKANTEK.Inventory.API", "Services\Inventory\DUKKANTEK.Inventory.API\DUKKANTEK.Inventory.API.csproj", "{62D9E78C-1E9B-4D3A-A590-E569B4AC2A90}"
EndProject
Global
	GlobalSection(SolutionConfigurationPlatforms) = preSolution
		Debug|Any CPU = Debug|Any CPU
		Release|Any CPU = Release|Any CPU
	EndGlobalSection
	GlobalSection(ProjectConfigurationPlatforms) = postSolution
		{62D9E78C-1E9B-4D3A-A590-E569B4AC2A90}.Debug|Any CPU.ActiveCfg = Debug|Any CPU
		{62D9E78C-1E9B-4D3A-A590-E569B4AC2A90}.Debug|Any CPU.Build.0 = Debug|Any CPU
		{62D9E78C-1E9B-4D3A-A590-E569B4AC2A90}.Release|Any CPU.ActiveCfg = Release|Any CPU
		{62D9E78C-1E9B-4D3A-A590-E569B4AC2A90}.Release|Any CPU.Build.0 = Release|Any CPU
	EndGlobalSection
	GlobalSection(SolutionProperties) = preSolution
		HideSolutionNode = FALSE
	EndGlobalSection
	GlobalSection(NestedProjects) = preSolution
		{1A11AC92-A316-432A-8CA9-CFB741DA7888} = {5024265B-7D1D-447E-A18C-C642381B5B51}
		{62D9E78C-1E9B-4D3A-A590-E569B4AC2A90} = {1A11AC92-A316-432A-8CA9-CFB741DA7888}
	EndGlobalSection
	GlobalSection(ExtensibilityGlobals) = postSolution
		SolutionGuid = {75B2533C-07CD-41B7-9D07-6CCDA5D706C4}
	EndGlobalSection
EndGlobal
